
Microsoft Visual Studio Solution File, Format Version 12.00
# Visual Studio Version 16
VisualStudioVersion = 16.0.31105.61
MinimumVisualStudioVersion = 10.0.40219.1
Project("{FAE04EC0-301F-11D3-BF4B-00C04F79EFBC}") = "WebApplication1", "WebApplication1.csproj", "{265D35EE-1BE5-477E-BCA7-1CF776E4D634}"
EndProject
Global
	GlobalSection(SolutionConfigurationPlatforms) = preSolution
		Debug|Any CPU = Debug|Any CPU
		Release|Any CPU = Release|Any CPU
	EndGlobalSection
	GlobalSection(ProjectConfigurationPlatforms) = postSolution
		{265D35EE-1BE5-477E-BCA7-1CF776E4D634}.Debug|Any CPU.ActiveCfg = Debug|Any CPU
		{265D35EE-1BE5-477E-BCA7-1CF776E4D634}.Debug|Any CPU.Build.0 = Debug|Any CPU
		{265D35EE-1BE5-477E-BCA7-1CF776E4D634}.Release|Any CPU.ActiveCfg = Release|Any CPU
		{265D35EE-1BE5-477E-BCA7-1CF776E4D634}.Release|Any CPU.Build.0 = Release|Any CPU
	EndGlobalSection
	GlobalSection(SolutionProperties) = preSolution
		HideSolutionNode = FALSE
	EndGlobalSection
	GlobalSection(ExtensibilityGlobals) = postSolution
		SolutionGuid = {B0AE3315-5893-42A9-BCBB-86776B141728}
	EndGlobalSection
EndGlobal
